
Microsoft Visual Studio Solution File, Format Version 12.00
# Visual Studio Version 16
VisualStudioVersion = 16.0.29319.158
MinimumVisualStudioVersion = 10.0.40219.1
Project("{FAE04EC0-301F-11D3-BF4B-00C04F79EFBC}") = "DependencyInjection", "DependencyInjection\DependencyInjection.csproj", "{309EF2DA-CA92-4D92-9AB8-E8E33A35DCDC}"
EndProject
Global
	GlobalSection(SolutionConfigurationPlatforms) = preSolution
		Debug|Any CPU = Debug|Any CPU
		Release|Any CPU = Release|Any CPU
	EndGlobalSection
	GlobalSection(ProjectConfigurationPlatforms) = postSolution
		{309EF2DA-CA92-4D92-9AB8-E8E33A35DCDC}.Debug|Any CPU.ActiveCfg = Debug|Any CPU
		{309EF2DA-CA92-4D92-9AB8-E8E33A35DCDC}.Debug|Any CPU.Build.0 = Debug|Any CPU
		{309EF2DA-CA92-4D92-9AB8-E8E33A35DCDC}.Release|Any CPU.ActiveCfg = Release|Any CPU
		{309EF2DA-CA92-4D92-9AB8-E8E33A35DCDC}.Release|Any CPU.Build.0 = Release|Any CPU
	EndGlobalSection
	GlobalSection(SolutionProperties) = preSolution
		HideSolutionNode = FALSE
	EndGlobalSection
	GlobalSection(ExtensibilityGlobals) = postSolution
		SolutionGuid = {4619A992-6712-4B95-942F-CF1F3AC6AA4B}
	EndGlobalSection
EndGlobal
